// !$*UTF8*$!
{
	archiveVersion = 1;
	classes = {
	};
	objectVersion = 51;
	objects = {

/* Begin PBXBuildFile section */
		98067137250F1FD000C3EB72 /* DomainModel.swift in Sources */ = {isa = PBXBuildFile; fileRef = 98067136250F1FD000C3EB72 /* DomainModel.swift */; };
		98067139250F206300C3EB72 /* APIService.swift in Sources */ = {isa = PBXBuildFile; fileRef = 98067138250F206300C3EB72 /* APIService.swift */; };
		9806713B250F20BE00C3EB72 /* DptiResult.swift in Sources */ = {isa = PBXBuildFile; fileRef = 9806713A250F20BE00C3EB72 /* DptiResult.swift */; };
		9806713D250F214300C3EB72 /* DptiResultViewModel.swift in Sources */ = {isa = PBXBuildFile; fileRef = 9806713C250F214300C3EB72 /* DptiResultViewModel.swift */; };
		983485D4251C585500C4074B /* RegisterGenderViewController.swift in Sources */ = {isa = PBXBuildFile; fileRef = 983485D3251C585500C4074B /* RegisterGenderViewController.swift */; };
		985D381325198D1F00C53378 /* RegisterViewModel.swift in Sources */ = {isa = PBXBuildFile; fileRef = 985D381225198D1F00C53378 /* RegisterViewModel.swift */; };
		9863223725178546003B0784 /* Community.storyboard in Resources */ = {isa = PBXBuildFile; fileRef = 9863223625178546003B0784 /* Community.storyboard */; };
		9863223F251785AE003B0784 /* CommunityMainViewController.swift in Sources */ = {isa = PBXBuildFile; fileRef = 9863223E251785AE003B0784 /* CommunityMainViewController.swift */; };
		9863224525178773003B0784 /* TestViewController.swift in Sources */ = {isa = PBXBuildFile; fileRef = 9863224425178773003B0784 /* TestViewController.swift */; };
		9863224A2517B814003B0784 /* TabBarViewController.swift in Sources */ = {isa = PBXBuildFile; fileRef = 986322492517B814003B0784 /* TabBarViewController.swift */; };
		9863224D2517B9AB003B0784 /* ClassRoom.storyboard in Resources */ = {isa = PBXBuildFile; fileRef = 9863224C2517B9AB003B0784 /* ClassRoom.storyboard */; };
		986322562517BB81003B0784 /* FriendMainViewController.swift in Sources */ = {isa = PBXBuildFile; fileRef = 986322552517BB81003B0784 /* FriendMainViewController.swift */; };
		986EDA082509C42600AD3CEE /* AppDelegate.swift in Sources */ = {isa = PBXBuildFile; fileRef = 986EDA072509C42600AD3CEE /* AppDelegate.swift */; };
		986EDA0A2509C42600AD3CEE /* SceneDelegate.swift in Sources */ = {isa = PBXBuildFile; fileRef = 986EDA092509C42600AD3CEE /* SceneDelegate.swift */; };
		986EDA0C2509C42600AD3CEE /* ViewController.swift in Sources */ = {isa = PBXBuildFile; fileRef = 986EDA0B2509C42600AD3CEE /* ViewController.swift */; };
		986EDA0F2509C42600AD3CEE /* Main.storyboard in Resources */ = {isa = PBXBuildFile; fileRef = 986EDA0D2509C42600AD3CEE /* Main.storyboard */; };
		986EDA122509C42600AD3CEE /* dimodamo.xcdatamodeld in Sources */ = {isa = PBXBuildFile; fileRef = 986EDA102509C42600AD3CEE /* dimodamo.xcdatamodeld */; };
		986EDA142509C42800AD3CEE /* Assets.xcassets in Resources */ = {isa = PBXBuildFile; fileRef = 986EDA132509C42800AD3CEE /* Assets.xcassets */; };
		986EDA172509C42800AD3CEE /* LaunchScreen.storyboard in Resources */ = {isa = PBXBuildFile; fileRef = 986EDA152509C42800AD3CEE /* LaunchScreen.storyboard */; };
		986EDA202509D7C800AD3CEE /* ApplicationViewModel.swift in Sources */ = {isa = PBXBuildFile; fileRef = 986EDA1F2509D7C800AD3CEE /* ApplicationViewModel.swift */; };
		986EDA222509D7E000AD3CEE /* ClassRoomViewController.swift in Sources */ = {isa = PBXBuildFile; fileRef = 986EDA212509D7E000AD3CEE /* ClassRoomViewController.swift */; };
		987D5B0B251A1E8700244FD0 /* RegisterBirthViewController.swift in Sources */ = {isa = PBXBuildFile; fileRef = 987D5B0A251A1E8700244FD0 /* RegisterBirthViewController.swift */; };
		987F5A9B250B152000E1B856 /* DptiResultViewController.swift in Sources */ = {isa = PBXBuildFile; fileRef = 987F5A9A250B152000E1B856 /* DptiResultViewController.swift */; };
		98816093251EF23200556AEC /* Login.storyboard in Resources */ = {isa = PBXBuildFile; fileRef = 98816092251EF23200556AEC /* Login.storyboard */; };
		98816097251EF5C300556AEC /* LoginViewController.swift in Sources */ = {isa = PBXBuildFile; fileRef = 98816096251EF5C300556AEC /* LoginViewController.swift */; };
		9881609C251EFA9700556AEC /* RegisterNicknameViewController.swift in Sources */ = {isa = PBXBuildFile; fileRef = 9881609B251EFA9700556AEC /* RegisterNicknameViewController.swift */; };
		988160A1251F0D3C00556AEC /* RegisterSchoolViewController.swift in Sources */ = {isa = PBXBuildFile; fileRef = 988160A0251F0D3C00556AEC /* RegisterSchoolViewController.swift */; };
		988160A5251F1E8E00556AEC /* GoogleService-Info.plist in Resources */ = {isa = PBXBuildFile; fileRef = 988160A4251F1E8E00556AEC /* GoogleService-Info.plist */; };
		988160D3251F634C00556AEC /* RegisterIDViewController.swift in Sources */ = {isa = PBXBuildFile; fileRef = 988160D2251F634C00556AEC /* RegisterIDViewController.swift */; };
		988160D8251F664E00556AEC /* RegisterPWViewController.swift in Sources */ = {isa = PBXBuildFile; fileRef = 988160D7251F664E00556AEC /* RegisterPWViewController.swift */; };
		9881612F251F8CA000556AEC /* LoginViewModel.swift in Sources */ = {isa = PBXBuildFile; fileRef = 9881612E251F8CA000556AEC /* LoginViewModel.swift */; };
		98846FFE251113B600943861 /* DptiSurveyViewModel.swift in Sources */ = {isa = PBXBuildFile; fileRef = 98846FFD251113B600943861 /* DptiSurveyViewModel.swift */; };
		988470002511148400943861 /* DptiSurvey.swift in Sources */ = {isa = PBXBuildFile; fileRef = 98846FFF2511148400943861 /* DptiSurvey.swift */; };
		9884700A2511406700943861 /* Nunito-Bold.ttf in Resources */ = {isa = PBXBuildFile; fileRef = 988470022511406700943861 /* Nunito-Bold.ttf */; };
		9884700B2511406700943861 /* Nunito-Black.ttf in Resources */ = {isa = PBXBuildFile; fileRef = 988470032511406700943861 /* Nunito-Black.ttf */; };
		9884700C2511406700943861 /* Nunito-ExtraLight.ttf in Resources */ = {isa = PBXBuildFile; fileRef = 988470042511406700943861 /* Nunito-ExtraLight.ttf */; };
		9884700D2511406700943861 /* Nunito-SemiBold.ttf in Resources */ = {isa = PBXBuildFile; fileRef = 988470052511406700943861 /* Nunito-SemiBold.ttf */; };
		9884700E2511406700943861 /* Nunito-ExtraBold.ttf in Resources */ = {isa = PBXBuildFile; fileRef = 988470062511406700943861 /* Nunito-ExtraBold.ttf */; };
		9884700F2511406700943861 /* Nunito-Light.ttf in Resources */ = {isa = PBXBuildFile; fileRef = 988470072511406700943861 /* Nunito-Light.ttf */; };
		988470102511406700943861 /* Nunito-Regular.ttf in Resources */ = {isa = PBXBuildFile; fileRef = 988470082511406700943861 /* Nunito-Regular.ttf */; };
		98847013251264B300943861 /* TE_G.json in Resources */ = {isa = PBXBuildFile; fileRef = 98847011251264B300943861 /* TE_G.json */; };
		98847014251264B300943861 /* TE_M.json in Resources */ = {isa = PBXBuildFile; fileRef = 98847012251264B300943861 /* TE_M.json */; };
		989384CD251866A900DE2C35 /* RegisterViewController.swift in Sources */ = {isa = PBXBuildFile; fileRef = 989384CC251866A900DE2C35 /* RegisterViewController.swift */; };
		989384E62518D76700DE2C35 /* Friends.storyboard in Resources */ = {isa = PBXBuildFile; fileRef = 989384E52518D76700DE2C35 /* Friends.storyboard */; };
		989384E92518DB7900DE2C35 /* Register.storyboard in Resources */ = {isa = PBXBuildFile; fileRef = 989384E82518DB7900DE2C35 /* Register.storyboard */; };
		989384EC251900E900DE2C35 /* SF-Pro-Display-Heavy.otf in Resources */ = {isa = PBXBuildFile; fileRef = 989384EB251900E600DE2C35 /* SF-Pro-Display-Heavy.otf */; };
		98BA3FE825198E2D00788486 /* ClauseViewController.swift in Sources */ = {isa = PBXBuildFile; fileRef = 98BA3FE725198E2D00788486 /* ClauseViewController.swift */; };
		98C4226625143F7400B1E1A1 /* ApplicationStyleGuide.swift in Sources */ = {isa = PBXBuildFile; fileRef = 98C4226525143F7400B1E1A1 /* ApplicationStyleGuide.swift */; };
		98C42313251D7CCE00B2B194 /* Register.swift in Sources */ = {isa = PBXBuildFile; fileRef = 98C42312251D7CCE00B2B194 /* Register.swift */; };
		98C42318251DFFA600B2B194 /* RegisterInterestViewController.swift in Sources */ = {isa = PBXBuildFile; fileRef = 98C42317251DFFA600B2B194 /* RegisterInterestViewController.swift */; };
		98C48B10250B9ED5004E24E5 /* NanumSquareRoundOTFB.otf in Resources */ = {isa = PBXBuildFile; fileRef = 98C48B0C250B9ED5004E24E5 /* NanumSquareRoundOTFB.otf */; };
		98C48B11250B9ED5004E24E5 /* NanumSquareRoundOTFEB.otf in Resources */ = {isa = PBXBuildFile; fileRef = 98C48B0D250B9ED5004E24E5 /* NanumSquareRoundOTFEB.otf */; };
		98C48B12250B9ED5004E24E5 /* NanumSquareRoundOTFL.otf in Resources */ = {isa = PBXBuildFile; fileRef = 98C48B0E250B9ED5004E24E5 /* NanumSquareRoundOTFL.otf */; };
		98C48B13250B9ED5004E24E5 /* NanumSquareRoundOTFR.otf in Resources */ = {isa = PBXBuildFile; fileRef = 98C48B0F250B9ED5004E24E5 /* NanumSquareRoundOTFR.otf */; };
		98C48B1A250CDB94004E24E5 /* DptiSurveyViewController.swift in Sources */ = {isa = PBXBuildFile; fileRef = 98C48B19250CDB94004E24E5 /* DptiSurveyViewController.swift */; };
		98C48B1D250CF97E004E24E5 /* Survey.json in Resources */ = {isa = PBXBuildFile; fileRef = 98C48B1C250CF97E004E24E5 /* Survey.json */; };
		98CB2DD42519CDD500CEE5FB /* RegisterNameViewController.swift in Sources */ = {isa = PBXBuildFile; fileRef = 98CB2DD32519CDD500CEE5FB /* RegisterNameViewController.swift */; };
		98E2416B250F9F47003BE1A3 /* Results.json in Resources */ = {isa = PBXBuildFile; fileRef = 98E2416A250F9F47003BE1A3 /* Results.json */; };
		D8A7ADBE36BF5BE7DCBFA2A4 /* Pods_dimodamo.framework in Frameworks */ = {isa = PBXBuildFile; fileRef = 2872BDEB9F67B1A61BAF480F /* Pods_dimodamo.framework */; };
/* End PBXBuildFile section */

/* Begin PBXFileReference section */
		2872BDEB9F67B1A61BAF480F /* Pods_dimodamo.framework */ = {isa = PBXFileReference; explicitFileType = wrapper.framework; includeInIndex = 0; path = Pods_dimodamo.framework; sourceTree = BUILT_PRODUCTS_DIR; };
		964E5003C706C9319E5FB896 /* Pods-dimodamo.debug.xcconfig */ = {isa = PBXFileReference; includeInIndex = 1; lastKnownFileType = text.xcconfig; name = "Pods-dimodamo.debug.xcconfig"; path = "Target Support Files/Pods-dimodamo/Pods-dimodamo.debug.xcconfig"; sourceTree = "<group>"; };
		98067136250F1FD000C3EB72 /* DomainModel.swift */ = {isa = PBXFileReference; lastKnownFileType = sourcecode.swift; path = DomainModel.swift; sourceTree = "<group>"; };
		98067138250F206300C3EB72 /* APIService.swift */ = {isa = PBXFileReference; lastKnownFileType = sourcecode.swift; path = APIService.swift; sourceTree = "<group>"; };
		9806713A250F20BE00C3EB72 /* DptiResult.swift */ = {isa = PBXFileReference; lastKnownFileType = sourcecode.swift; path = DptiResult.swift; sourceTree = "<group>"; };
		9806713C250F214300C3EB72 /* DptiResultViewModel.swift */ = {isa = PBXFileReference; lastKnownFileType = sourcecode.swift; path = DptiResultViewModel.swift; sourceTree = "<group>"; };
		983485D3251C585500C4074B /* RegisterGenderViewController.swift */ = {isa = PBXFileReference; lastKnownFileType = sourcecode.swift; path = RegisterGenderViewController.swift; sourceTree = "<group>"; };
		985D381225198D1F00C53378 /* RegisterViewModel.swift */ = {isa = PBXFileReference; lastKnownFileType = sourcecode.swift; path = RegisterViewModel.swift; sourceTree = "<group>"; };
		9863223625178546003B0784 /* Community.storyboard */ = {isa = PBXFileReference; lastKnownFileType = file.storyboard; path = Community.storyboard; sourceTree = "<group>"; };
		9863223E251785AE003B0784 /* CommunityMainViewController.swift */ = {isa = PBXFileReference; lastKnownFileType = sourcecode.swift; path = CommunityMainViewController.swift; sourceTree = "<group>"; };
		9863224425178773003B0784 /* TestViewController.swift */ = {isa = PBXFileReference; lastKnownFileType = sourcecode.swift; path = TestViewController.swift; sourceTree = "<group>"; };
		986322492517B814003B0784 /* TabBarViewController.swift */ = {isa = PBXFileReference; lastKnownFileType = sourcecode.swift; path = TabBarViewController.swift; sourceTree = "<group>"; };
		9863224C2517B9AB003B0784 /* ClassRoom.storyboard */ = {isa = PBXFileReference; lastKnownFileType = file.storyboard; path = ClassRoom.storyboard; sourceTree = "<group>"; };
		986322552517BB81003B0784 /* FriendMainViewController.swift */ = {isa = PBXFileReference; lastKnownFileType = sourcecode.swift; path = FriendMainViewController.swift; sourceTree = "<group>"; };
		986EDA042509C42600AD3CEE /* dimodamo.app */ = {isa = PBXFileReference; explicitFileType = wrapper.application; includeInIndex = 0; path = dimodamo.app; sourceTree = BUILT_PRODUCTS_DIR; };
		986EDA072509C42600AD3CEE /* AppDelegate.swift */ = {isa = PBXFileReference; lastKnownFileType = sourcecode.swift; path = AppDelegate.swift; sourceTree = "<group>"; };
		986EDA092509C42600AD3CEE /* SceneDelegate.swift */ = {isa = PBXFileReference; lastKnownFileType = sourcecode.swift; path = SceneDelegate.swift; sourceTree = "<group>"; };
		986EDA0B2509C42600AD3CEE /* ViewController.swift */ = {isa = PBXFileReference; lastKnownFileType = sourcecode.swift; path = ViewController.swift; sourceTree = "<group>"; };
		986EDA0E2509C42600AD3CEE /* Base */ = {isa = PBXFileReference; lastKnownFileType = file.storyboard; name = Base; path = Base.lproj/Main.storyboard; sourceTree = "<group>"; };
		986EDA112509C42600AD3CEE /* dimodamo.xcdatamodel */ = {isa = PBXFileReference; lastKnownFileType = wrapper.xcdatamodel; path = dimodamo.xcdatamodel; sourceTree = "<group>"; };
		986EDA132509C42800AD3CEE /* Assets.xcassets */ = {isa = PBXFileReference; lastKnownFileType = folder.assetcatalog; path = Assets.xcassets; sourceTree = "<group>"; };
		986EDA162509C42800AD3CEE /* Base */ = {isa = PBXFileReference; lastKnownFileType = file.storyboard; name = Base; path = Base.lproj/LaunchScreen.storyboard; sourceTree = "<group>"; };
		986EDA182509C42800AD3CEE /* Info.plist */ = {isa = PBXFileReference; lastKnownFileType = text.plist.xml; path = Info.plist; sourceTree = "<group>"; };
		986EDA1F2509D7C800AD3CEE /* ApplicationViewModel.swift */ = {isa = PBXFileReference; lastKnownFileType = sourcecode.swift; path = ApplicationViewModel.swift; sourceTree = "<group>"; };
		986EDA212509D7E000AD3CEE /* ClassRoomViewController.swift */ = {isa = PBXFileReference; lastKnownFileType = sourcecode.swift; path = ClassRoomViewController.swift; sourceTree = "<group>"; };
		987D5B0A251A1E8700244FD0 /* RegisterBirthViewController.swift */ = {isa = PBXFileReference; lastKnownFileType = sourcecode.swift; path = RegisterBirthViewController.swift; sourceTree = "<group>"; };
		987F5A9A250B152000E1B856 /* DptiResultViewController.swift */ = {isa = PBXFileReference; lastKnownFileType = sourcecode.swift; path = DptiResultViewController.swift; sourceTree = "<group>"; };
		98816092251EF23200556AEC /* Login.storyboard */ = {isa = PBXFileReference; lastKnownFileType = file.storyboard; path = Login.storyboard; sourceTree = "<group>"; };
		98816096251EF5C300556AEC /* LoginViewController.swift */ = {isa = PBXFileReference; lastKnownFileType = sourcecode.swift; path = LoginViewController.swift; sourceTree = "<group>"; };
		9881609B251EFA9700556AEC /* RegisterNicknameViewController.swift */ = {isa = PBXFileReference; lastKnownFileType = sourcecode.swift; path = RegisterNicknameViewController.swift; sourceTree = "<group>"; };
		988160A0251F0D3C00556AEC /* RegisterSchoolViewController.swift */ = {isa = PBXFileReference; lastKnownFileType = sourcecode.swift; path = RegisterSchoolViewController.swift; sourceTree = "<group>"; };
		988160A4251F1E8E00556AEC /* GoogleService-Info.plist */ = {isa = PBXFileReference; fileEncoding = 4; lastKnownFileType = text.plist.xml; path = "GoogleService-Info.plist"; sourceTree = "<group>"; };
		988160D2251F634C00556AEC /* RegisterIDViewController.swift */ = {isa = PBXFileReference; lastKnownFileType = sourcecode.swift; path = RegisterIDViewController.swift; sourceTree = "<group>"; };
		988160D7251F664E00556AEC /* RegisterPWViewController.swift */ = {isa = PBXFileReference; lastKnownFileType = sourcecode.swift; path = RegisterPWViewController.swift; sourceTree = "<group>"; };
		9881612E251F8CA000556AEC /* LoginViewModel.swift */ = {isa = PBXFileReference; lastKnownFileType = sourcecode.swift; path = LoginViewModel.swift; sourceTree = "<group>"; };
		98846FFD251113B600943861 /* DptiSurveyViewModel.swift */ = {isa = PBXFileReference; lastKnownFileType = sourcecode.swift; path = DptiSurveyViewModel.swift; sourceTree = "<group>"; };
		98846FFF2511148400943861 /* DptiSurvey.swift */ = {isa = PBXFileReference; lastKnownFileType = sourcecode.swift; path = DptiSurvey.swift; sourceTree = "<group>"; };
		988470022511406700943861 /* Nunito-Bold.ttf */ = {isa = PBXFileReference; lastKnownFileType = file; path = "Nunito-Bold.ttf"; sourceTree = "<group>"; };
		988470032511406700943861 /* Nunito-Black.ttf */ = {isa = PBXFileReference; lastKnownFileType = file; path = "Nunito-Black.ttf"; sourceTree = "<group>"; };
		988470042511406700943861 /* Nunito-ExtraLight.ttf */ = {isa = PBXFileReference; lastKnownFileType = file; path = "Nunito-ExtraLight.ttf"; sourceTree = "<group>"; };
		988470052511406700943861 /* Nunito-SemiBold.ttf */ = {isa = PBXFileReference; lastKnownFileType = file; path = "Nunito-SemiBold.ttf"; sourceTree = "<group>"; };
		988470062511406700943861 /* Nunito-ExtraBold.ttf */ = {isa = PBXFileReference; lastKnownFileType = file; path = "Nunito-ExtraBold.ttf"; sourceTree = "<group>"; };
		988470072511406700943861 /* Nunito-Light.ttf */ = {isa = PBXFileReference; lastKnownFileType = file; path = "Nunito-Light.ttf"; sourceTree = "<group>"; };
		988470082511406700943861 /* Nunito-Regular.ttf */ = {isa = PBXFileReference; lastKnownFileType = file; path = "Nunito-Regular.ttf"; sourceTree = "<group>"; };
		98847011251264B300943861 /* TE_G.json */ = {isa = PBXFileReference; fileEncoding = 4; lastKnownFileType = text.json; name = TE_G.json; path = dimodamo/lottie/TE_G.json; sourceTree = SOURCE_ROOT; };
		98847012251264B300943861 /* TE_M.json */ = {isa = PBXFileReference; fileEncoding = 4; lastKnownFileType = text.json; name = TE_M.json; path = dimodamo/lottie/TE_M.json; sourceTree = SOURCE_ROOT; };
		989384CC251866A900DE2C35 /* RegisterViewController.swift */ = {isa = PBXFileReference; lastKnownFileType = sourcecode.swift; path = RegisterViewController.swift; sourceTree = "<group>"; };
		989384E52518D76700DE2C35 /* Friends.storyboard */ = {isa = PBXFileReference; lastKnownFileType = file.storyboard; path = Friends.storyboard; sourceTree = "<group>"; };
		989384E82518DB7900DE2C35 /* Register.storyboard */ = {isa = PBXFileReference; lastKnownFileType = file.storyboard; path = Register.storyboard; sourceTree = "<group>"; };
		989384EB251900E600DE2C35 /* SF-Pro-Display-Heavy.otf */ = {isa = PBXFileReference; lastKnownFileType = file; path = "SF-Pro-Display-Heavy.otf"; sourceTree = "<group>"; };
		98BA3FE725198E2D00788486 /* ClauseViewController.swift */ = {isa = PBXFileReference; lastKnownFileType = sourcecode.swift; path = ClauseViewController.swift; sourceTree = "<group>"; };
		98C1622D2513680F000CAC43 /* RxSwift.framework */ = {isa = PBXFileReference; explicitFileType = wrapper.framework; path = RxSwift.framework; sourceTree = BUILT_PRODUCTS_DIR; };
		98C4226525143F7400B1E1A1 /* ApplicationStyleGuide.swift */ = {isa = PBXFileReference; lastKnownFileType = sourcecode.swift; path = ApplicationStyleGuide.swift; sourceTree = "<group>"; };
		98C42312251D7CCE00B2B194 /* Register.swift */ = {isa = PBXFileReference; lastKnownFileType = sourcecode.swift; path = Register.swift; sourceTree = "<group>"; };
		98C42317251DFFA600B2B194 /* RegisterInterestViewController.swift */ = {isa = PBXFileReference; lastKnownFileType = sourcecode.swift; path = RegisterInterestViewController.swift; sourceTree = "<group>"; };
		98C48B0C250B9ED5004E24E5 /* NanumSquareRoundOTFB.otf */ = {isa = PBXFileReference; lastKnownFileType = file; path = NanumSquareRoundOTFB.otf; sourceTree = "<group>"; };
		98C48B0D250B9ED5004E24E5 /* NanumSquareRoundOTFEB.otf */ = {isa = PBXFileReference; lastKnownFileType = file; path = NanumSquareRoundOTFEB.otf; sourceTree = "<group>"; };
		98C48B0E250B9ED5004E24E5 /* NanumSquareRoundOTFL.otf */ = {isa = PBXFileReference; lastKnownFileType = file; path = NanumSquareRoundOTFL.otf; sourceTree = "<group>"; };
		98C48B0F250B9ED5004E24E5 /* NanumSquareRoundOTFR.otf */ = {isa = PBXFileReference; lastKnownFileType = file; path = NanumSquareRoundOTFR.otf; sourceTree = "<group>"; };
		98C48B19250CDB94004E24E5 /* DptiSurveyViewController.swift */ = {isa = PBXFileReference; lastKnownFileType = sourcecode.swift; path = DptiSurveyViewController.swift; sourceTree = "<group>"; };
		98C48B1C250CF97E004E24E5 /* Survey.json */ = {isa = PBXFileReference; fileEncoding = 4; lastKnownFileType = text.json; path = Survey.json; sourceTree = "<group>"; };
		98CB2DD32519CDD500CEE5FB /* RegisterNameViewController.swift */ = {isa = PBXFileReference; lastKnownFileType = sourcecode.swift; path = RegisterNameViewController.swift; sourceTree = "<group>"; };
		98E2416A250F9F47003BE1A3 /* Results.json */ = {isa = PBXFileReference; fileEncoding = 4; lastKnownFileType = text.json; path = Results.json; sourceTree = "<group>"; };
		BFB1B8FF08ED4F7B3DA32B20 /* Pods-dimodamo.release.xcconfig */ = {isa = PBXFileReference; includeInIndex = 1; lastKnownFileType = text.xcconfig; name = "Pods-dimodamo.release.xcconfig"; path = "Target Support Files/Pods-dimodamo/Pods-dimodamo.release.xcconfig"; sourceTree = "<group>"; };
/* End PBXFileReference section */

/* Begin PBXFrameworksBuildPhase section */
		986EDA012509C42600AD3CEE /* Frameworks */ = {
			isa = PBXFrameworksBuildPhase;
			buildActionMask = 2147483647;
			files = (
				D8A7ADBE36BF5BE7DCBFA2A4 /* Pods_dimodamo.framework in Frameworks */,
			);
			runOnlyForDeploymentPostprocessing = 0;
		};
/* End PBXFrameworksBuildPhase section */

/* Begin PBXGroup section */
		17E0DD323DE5FD42144D81A3 /* Pods */ = {
			isa = PBXGroup;
			children = (
				964E5003C706C9319E5FB896 /* Pods-dimodamo.debug.xcconfig */,
				BFB1B8FF08ED4F7B3DA32B20 /* Pods-dimodamo.release.xcconfig */,
			);
			path = Pods;
			sourceTree = "<group>";
		};
		88031610DDA2E054B264F4D7 /* Frameworks */ = {
			isa = PBXGroup;
			children = (
				98C1622D2513680F000CAC43 /* RxSwift.framework */,
				2872BDEB9F67B1A61BAF480F /* Pods_dimodamo.framework */,
			);
			name = Frameworks;
			sourceTree = "<group>";
		};
		9806712F250F14F500C3EB72 /* DptiSurvey */ = {
			isa = PBXGroup;
			children = (
				98C48B19250CDB94004E24E5 /* DptiSurveyViewController.swift */,
				98846FFD251113B600943861 /* DptiSurveyViewModel.swift */,
				98846FFF2511148400943861 /* DptiSurvey.swift */,
			);
			path = DptiSurvey;
			sourceTree = "<group>";
		};
		98067130250F1D7700C3EB72 /* DptiResult */ = {
			isa = PBXGroup;
			children = (
				987F5A9A250B152000E1B856 /* DptiResultViewController.swift */,
				9806713C250F214300C3EB72 /* DptiResultViewModel.swift */,
				9806713A250F20BE00C3EB72 /* DptiResult.swift */,
			);
			path = DptiResult;
			sourceTree = "<group>";
		};
		98067133250F1F8200C3EB72 /* Domain */ = {
			isa = PBXGroup;
			children = (
				98067134250F1F9900C3EB72 /* Model */,
				98067135250F1FB300C3EB72 /* APIService */,
			);
			path = Domain;
			sourceTree = "<group>";
		};
		98067134250F1F9900C3EB72 /* Model */ = {
			isa = PBXGroup;
			children = (
				98067136250F1FD000C3EB72 /* DomainModel.swift */,
			);
			path = Model;
			sourceTree = "<group>";
		};
		98067135250F1FB300C3EB72 /* APIService */ = {
			isa = PBXGroup;
			children = (
				98067138250F206300C3EB72 /* APIService.swift */,
			);
			path = APIService;
			sourceTree = "<group>";
		};
		983485D2251C584300C4074B /* Gender */ = {
			isa = PBXGroup;
			children = (
				983485D3251C585500C4074B /* RegisterGenderViewController.swift */,
			);
			path = Gender;
			sourceTree = "<group>";
		};
		985D380E25198CF500C53378 /* Clause */ = {
			isa = PBXGroup;
			children = (
				98BA3FE725198E2D00788486 /* ClauseViewController.swift */,
			);
			path = Clause;
			sourceTree = "<group>";
		};
		986322352517852F003B0784 /* Storyboard */ = {
			isa = PBXGroup;
			children = (
				986EDA0D2509C42600AD3CEE /* Main.storyboard */,
				986EDA152509C42800AD3CEE /* LaunchScreen.storyboard */,
				9863223625178546003B0784 /* Community.storyboard */,
				9863224C2517B9AB003B0784 /* ClassRoom.storyboard */,
				989384E52518D76700DE2C35 /* Friends.storyboard */,
				989384E82518DB7900DE2C35 /* Register.storyboard */,
				98816092251EF23200556AEC /* Login.storyboard */,
			);
			path = Storyboard;
			sourceTree = "<group>";
		};
		986322392517855B003B0784 /* Community */ = {
			isa = PBXGroup;
			children = (
				9863223D2517858E003B0784 /* Main */,
			);
			path = Community;
			sourceTree = "<group>";
		};
		9863223A25178570003B0784 /* Dpti */ = {
			isa = PBXGroup;
			children = (
				9806712F250F14F500C3EB72 /* DptiSurvey */,
				98067130250F1D7700C3EB72 /* DptiResult */,
			);
			path = Dpti;
			sourceTree = "<group>";
		};
		9863223D2517858E003B0784 /* Main */ = {
			isa = PBXGroup;
			children = (
				9863223E251785AE003B0784 /* CommunityMainViewController.swift */,
			);
			path = Main;
			sourceTree = "<group>";
		};
		9863224325178767003B0784 /* Test */ = {
			isa = PBXGroup;
			children = (
				9863224425178773003B0784 /* TestViewController.swift */,
			);
			path = Test;
			sourceTree = "<group>";
		};
		986322532517BB64003B0784 /* Friend */ = {
			isa = PBXGroup;
			children = (
				986322542517BB73003B0784 /* Main */,
			);
			path = Friend;
			sourceTree = "<group>";
		};
		986322542517BB73003B0784 /* Main */ = {
			isa = PBXGroup;
			children = (
				986322552517BB81003B0784 /* FriendMainViewController.swift */,
			);
			path = Main;
			sourceTree = "<group>";
		};
		986ED9FB2509C42600AD3CEE = {
			isa = PBXGroup;
			children = (
				986EDA062509C42600AD3CEE /* dimodamo */,
				986EDA052509C42600AD3CEE /* Products */,
				17E0DD323DE5FD42144D81A3 /* Pods */,
				88031610DDA2E054B264F4D7 /* Frameworks */,
			);
			sourceTree = "<group>";
		};
		986EDA052509C42600AD3CEE /* Products */ = {
			isa = PBXGroup;
			children = (
				986EDA042509C42600AD3CEE /* dimodamo.app */,
			);
			name = Products;
			sourceTree = "<group>";
		};
		986EDA062509C42600AD3CEE /* dimodamo */ = {
			isa = PBXGroup;
			children = (
				986EDA1F2509D7C800AD3CEE /* ApplicationViewModel.swift */,
				98C4226525143F7400B1E1A1 /* ApplicationStyleGuide.swift */,
				98C48B1B250CF959004E24E5 /* Json */,
				98C48B14250CD163004E24E5 /* Lottie */,
				98067133250F1F8200C3EB72 /* Domain */,
				987F5A95250B13F300E1B856 /* Pages */,
				986322352517852F003B0784 /* Storyboard */,
				986EDA072509C42600AD3CEE /* AppDelegate.swift */,
				986EDA092509C42600AD3CEE /* SceneDelegate.swift */,
				986EDA0B2509C42600AD3CEE /* ViewController.swift */,
				986EDA132509C42800AD3CEE /* Assets.xcassets */,
				986EDA182509C42800AD3CEE /* Info.plist */,
				988160A4251F1E8E00556AEC /* GoogleService-Info.plist */,
				986EDA102509C42600AD3CEE /* dimodamo.xcdatamodeld */,
				987F5A9D250B1CB500E1B856 /* fonts */,
				986322492517B814003B0784 /* TabBarViewController.swift */,
			);
			path = dimodamo;
			sourceTree = "<group>";
		};
		986EDA1E2509CBFF00AD3CEE /* ClassRoom */ = {
			isa = PBXGroup;
			children = (
				986EDA212509D7E000AD3CEE /* ClassRoomViewController.swift */,
			);
			path = ClassRoom;
			sourceTree = "<group>";
		};
		987D5B09251A1E7200244FD0 /* Birth */ = {
			isa = PBXGroup;
			children = (
				987D5B0A251A1E8700244FD0 /* RegisterBirthViewController.swift */,
			);
			path = Birth;
			sourceTree = "<group>";
		};
		987F5A95250B13F300E1B856 /* Pages */ = {
			isa = PBXGroup;
			children = (
				98816095251EF5B600556AEC /* Login */,
				989384CA2518668600DE2C35 /* Register */,
				986322532517BB64003B0784 /* Friend */,
				986EDA1E2509CBFF00AD3CEE /* ClassRoom */,
				9863223A25178570003B0784 /* Dpti */,
				986322392517855B003B0784 /* Community */,
				9863224325178767003B0784 /* Test */,
			);
			path = Pages;
			sourceTree = "<group>";
		};
		987F5A9D250B1CB500E1B856 /* fonts */ = {
			isa = PBXGroup;
			children = (
				989384EB251900E600DE2C35 /* SF-Pro-Display-Heavy.otf */,
				988470032511406700943861 /* Nunito-Black.ttf */,
				988470022511406700943861 /* Nunito-Bold.ttf */,
				988470062511406700943861 /* Nunito-ExtraBold.ttf */,
				988470042511406700943861 /* Nunito-ExtraLight.ttf */,
				988470072511406700943861 /* Nunito-Light.ttf */,
				988470082511406700943861 /* Nunito-Regular.ttf */,
				988470052511406700943861 /* Nunito-SemiBold.ttf */,
				98C48B0C250B9ED5004E24E5 /* NanumSquareRoundOTFB.otf */,
				98C48B0D250B9ED5004E24E5 /* NanumSquareRoundOTFEB.otf */,
				98C48B0E250B9ED5004E24E5 /* NanumSquareRoundOTFL.otf */,
				98C48B0F250B9ED5004E24E5 /* NanumSquareRoundOTFR.otf */,
			);
			path = fonts;
			sourceTree = "<group>";
		};
		98816095251EF5B600556AEC /* Login */ = {
			isa = PBXGroup;
			children = (
				98816096251EF5C300556AEC /* LoginViewController.swift */,
				9881612E251F8CA000556AEC /* LoginViewModel.swift */,
			);
			path = Login;
			sourceTree = "<group>";
		};
		9881609A251EFA8100556AEC /* Nickname */ = {
			isa = PBXGroup;
			children = (
				9881609B251EFA9700556AEC /* RegisterNicknameViewController.swift */,
			);
			path = Nickname;
			sourceTree = "<group>";
		};
		9881609F251F0D2800556AEC /* School */ = {
			isa = PBXGroup;
			children = (
				988160A0251F0D3C00556AEC /* RegisterSchoolViewController.swift */,
			);
			path = School;
			sourceTree = "<group>";
		};
		988160D0251F62CA00556AEC /* ID */ = {
			isa = PBXGroup;
			children = (
				988160D2251F634C00556AEC /* RegisterIDViewController.swift */,
			);
			path = ID;
			sourceTree = "<group>";
		};
		988160D6251F663D00556AEC /* PW */ = {
			isa = PBXGroup;
			children = (
				988160D7251F664E00556AEC /* RegisterPWViewController.swift */,
			);
			path = PW;
			sourceTree = "<group>";
		};
		989384CA2518668600DE2C35 /* Register */ = {
			isa = PBXGroup;
			children = (
				985D381225198D1F00C53378 /* RegisterViewModel.swift */,
				98C42312251D7CCE00B2B194 /* Register.swift */,
				985D380E25198CF500C53378 /* Clause */,
				988160D0251F62CA00556AEC /* ID */,
				988160D6251F663D00556AEC /* PW */,
				987D5B09251A1E7200244FD0 /* Birth */,
				983485D2251C584300C4074B /* Gender */,
				98C42316251DFF9400B2B194 /* Interest */,
				9881609A251EFA8100556AEC /* Nickname */,
				9881609F251F0D2800556AEC /* School */,
				989384CB2518668D00DE2C35 /* Main */,
			);
			path = Register;
			sourceTree = "<group>";
		};
		989384CB2518668D00DE2C35 /* Main */ = {
			isa = PBXGroup;
			children = (
				98CB2DD12519C91C00CEE5FB /* Name */,
				989384CC251866A900DE2C35 /* RegisterViewController.swift */,
			);
			path = Main;
			sourceTree = "<group>";
		};
		98C42316251DFF9400B2B194 /* Interest */ = {
			isa = PBXGroup;
			children = (
				98C42317251DFFA600B2B194 /* RegisterInterestViewController.swift */,
			);
			path = Interest;
			sourceTree = "<group>";
		};
		98C48B14250CD163004E24E5 /* Lottie */ = {
			isa = PBXGroup;
			children = (
				98847011251264B300943861 /* TE_G.json */,
				98847012251264B300943861 /* TE_M.json */,
			);
			path = Lottie;
			sourceTree = "<group>";
		};
		98C48B1B250CF959004E24E5 /* Json */ = {
			isa = PBXGroup;
			children = (
				98E2416A250F9F47003BE1A3 /* Results.json */,
				98C48B1C250CF97E004E24E5 /* Survey.json */,
			);
			path = Json;
			sourceTree = "<group>";
		};
		98CB2DD12519C91C00CEE5FB /* Name */ = {
			isa = PBXGroup;
			children = (
				98CB2DD32519CDD500CEE5FB /* RegisterNameViewController.swift */,
			);
			path = Name;
			sourceTree = "<group>";
		};
/* End PBXGroup section */

/* Begin PBXNativeTarget section */
		986EDA032509C42600AD3CEE /* dimodamo */ = {
			isa = PBXNativeTarget;
			buildConfigurationList = 986EDA1B2509C42800AD3CEE /* Build configuration list for PBXNativeTarget "dimodamo" */;
			buildPhases = (
				08B6D3268F438EA9F13221A7 /* [CP] Check Pods Manifest.lock */,
				986EDA002509C42600AD3CEE /* Sources */,
				986EDA012509C42600AD3CEE /* Frameworks */,
				986EDA022509C42600AD3CEE /* Resources */,
				B780BF2972B7BBB09E8C1331 /* [CP] Embed Pods Frameworks */,
			);
			buildRules = (
			);
			dependencies = (
			);
			name = dimodamo;
			productName = dimodamo;
			productReference = 986EDA042509C42600AD3CEE /* dimodamo.app */;
			productType = "com.apple.product-type.application";
		};
/* End PBXNativeTarget section */

/* Begin PBXProject section */
		986ED9FC2509C42600AD3CEE /* Project object */ = {
			isa = PBXProject;
			attributes = {
				LastSwiftUpdateCheck = 1170;
				LastUpgradeCheck = 1200;
				ORGANIZATIONNAME = JJIKKYU;
				TargetAttributes = {
					986EDA032509C42600AD3CEE = {
						CreatedOnToolsVersion = 11.7;
					};
				};
			};
			buildConfigurationList = 986ED9FF2509C42600AD3CEE /* Build configuration list for PBXProject "dimodamo" */;
			compatibilityVersion = "Xcode 9.3";
			developmentRegion = en;
			hasScannedForEncodings = 0;
			knownRegions = (
				en,
				Base,
			);
			mainGroup = 986ED9FB2509C42600AD3CEE;
			productRefGroup = 986EDA052509C42600AD3CEE /* Products */;
			projectDirPath = "";
			projectRoot = "";
			targets = (
				986EDA032509C42600AD3CEE /* dimodamo */,
			);
		};
/* End PBXProject section */

/* Begin PBXResourcesBuildPhase section */
		986EDA022509C42600AD3CEE /* Resources */ = {
			isa = PBXResourcesBuildPhase;
			buildActionMask = 2147483647;
			files = (
				98E2416B250F9F47003BE1A3 /* Results.json in Resources */,
				9884700C2511406700943861 /* Nunito-ExtraLight.ttf in Resources */,
				988160A5251F1E8E00556AEC /* GoogleService-Info.plist in Resources */,
				9863224D2517B9AB003B0784 /* ClassRoom.storyboard in Resources */,
				98C48B1D250CF97E004E24E5 /* Survey.json in Resources */,
				98C48B11250B9ED5004E24E5 /* NanumSquareRoundOTFEB.otf in Resources */,
				989384EC251900E900DE2C35 /* SF-Pro-Display-Heavy.otf in Resources */,
				9863223725178546003B0784 /* Community.storyboard in Resources */,
				98847014251264B300943861 /* TE_M.json in Resources */,
				98816093251EF23200556AEC /* Login.storyboard in Resources */,
				988470102511406700943861 /* Nunito-Regular.ttf in Resources */,
				98C48B10250B9ED5004E24E5 /* NanumSquareRoundOTFB.otf in Resources */,
				986EDA172509C42800AD3CEE /* LaunchScreen.storyboard in Resources */,
				98C48B12250B9ED5004E24E5 /* NanumSquareRoundOTFL.otf in Resources */,
				9884700D2511406700943861 /* Nunito-SemiBold.ttf in Resources */,
				986EDA142509C42800AD3CEE /* Assets.xcassets in Resources */,
				9884700B2511406700943861 /* Nunito-Black.ttf in Resources */,
				98C48B13250B9ED5004E24E5 /* NanumSquareRoundOTFR.otf in Resources */,
				989384E62518D76700DE2C35 /* Friends.storyboard in Resources */,
				9884700A2511406700943861 /* Nunito-Bold.ttf in Resources */,
				989384E92518DB7900DE2C35 /* Register.storyboard in Resources */,
				98847013251264B300943861 /* TE_G.json in Resources */,
				986EDA0F2509C42600AD3CEE /* Main.storyboard in Resources */,
				9884700F2511406700943861 /* Nunito-Light.ttf in Resources */,
				9884700E2511406700943861 /* Nunito-ExtraBold.ttf in Resources */,
			);
			runOnlyForDeploymentPostprocessing = 0;
		};
/* End PBXResourcesBuildPhase section */

/* Begin PBXShellScriptBuildPhase section */
		08B6D3268F438EA9F13221A7 /* [CP] Check Pods Manifest.lock */ = {
			isa = PBXShellScriptBuildPhase;
			buildActionMask = 2147483647;
			files = (
			);
			inputFileListPaths = (
			);
			inputPaths = (
				"${PODS_PODFILE_DIR_PATH}/Podfile.lock",
				"${PODS_ROOT}/Manifest.lock",
			);
			name = "[CP] Check Pods Manifest.lock";
			outputFileListPaths = (
			);
			outputPaths = (
				"$(DERIVED_FILE_DIR)/Pods-dimodamo-checkManifestLockResult.txt",
			);
			runOnlyForDeploymentPostprocessing = 0;
			shellPath = /bin/sh;
			shellScript = "diff \"${PODS_PODFILE_DIR_PATH}/Podfile.lock\" \"${PODS_ROOT}/Manifest.lock\" > /dev/null\nif [ $? != 0 ] ; then\n    # print error to STDERR\n    echo \"error: The sandbox is not in sync with the Podfile.lock. Run 'pod install' or update your CocoaPods installation.\" >&2\n    exit 1\nfi\n# This output is used by Xcode 'outputs' to avoid re-running this script phase.\necho \"SUCCESS\" > \"${SCRIPT_OUTPUT_FILE_0}\"\n";
			showEnvVarsInLog = 0;
		};
		B780BF2972B7BBB09E8C1331 /* [CP] Embed Pods Frameworks */ = {
			isa = PBXShellScriptBuildPhase;
			buildActionMask = 2147483647;
			files = (
			);
			inputFileListPaths = (
				"${PODS_ROOT}/Target Support Files/Pods-dimodamo/Pods-dimodamo-frameworks-${CONFIGURATION}-input-files.xcfilelist",
			);
			name = "[CP] Embed Pods Frameworks";
			outputFileListPaths = (
				"${PODS_ROOT}/Target Support Files/Pods-dimodamo/Pods-dimodamo-frameworks-${CONFIGURATION}-output-files.xcfilelist",
			);
			runOnlyForDeploymentPostprocessing = 0;
			shellPath = /bin/sh;
			shellScript = "\"${PODS_ROOT}/Target Support Files/Pods-dimodamo/Pods-dimodamo-frameworks.sh\"\n";
			showEnvVarsInLog = 0;
		};
/* End PBXShellScriptBuildPhase section */

/* Begin PBXSourcesBuildPhase section */
		986EDA002509C42600AD3CEE /* Sources */ = {
			isa = PBXSourcesBuildPhase;
			buildActionMask = 2147483647;
			files = (
				98816097251EF5C300556AEC /* LoginViewController.swift in Sources */,
				987F5A9B250B152000E1B856 /* DptiResultViewController.swift in Sources */,
				9881612F251F8CA000556AEC /* LoginViewModel.swift in Sources */,
				9881609C251EFA9700556AEC /* RegisterNicknameViewController.swift in Sources */,
				986EDA0C2509C42600AD3CEE /* ViewController.swift in Sources */,
				988160D8251F664E00556AEC /* RegisterPWViewController.swift in Sources */,
				983485D4251C585500C4074B /* RegisterGenderViewController.swift in Sources */,
				9863224525178773003B0784 /* TestViewController.swift in Sources */,
				98C42313251D7CCE00B2B194 /* Register.swift in Sources */,
				986EDA202509D7C800AD3CEE /* ApplicationViewModel.swift in Sources */,
				9863224A2517B814003B0784 /* TabBarViewController.swift in Sources */,
				988470002511148400943861 /* DptiSurvey.swift in Sources */,
				98C48B1A250CDB94004E24E5 /* DptiSurveyViewController.swift in Sources */,
				98CB2DD42519CDD500CEE5FB /* RegisterNameViewController.swift in Sources */,
				986322562517BB81003B0784 /* FriendMainViewController.swift in Sources */,
				98C4226625143F7400B1E1A1 /* ApplicationStyleGuide.swift in Sources */,
				98067139250F206300C3EB72 /* APIService.swift in Sources */,
				986EDA082509C42600AD3CEE /* AppDelegate.swift in Sources */,
				98BA3FE825198E2D00788486 /* ClauseViewController.swift in Sources */,
				989384CD251866A900DE2C35 /* RegisterViewController.swift in Sources */,
				9806713D250F214300C3EB72 /* DptiResultViewModel.swift in Sources */,
				9806713B250F20BE00C3EB72 /* DptiResult.swift in Sources */,
				98C42318251DFFA600B2B194 /* RegisterInterestViewController.swift in Sources */,
				986EDA0A2509C42600AD3CEE /* SceneDelegate.swift in Sources */,
				98067137250F1FD000C3EB72 /* DomainModel.swift in Sources */,
				988160A1251F0D3C00556AEC /* RegisterSchoolViewController.swift in Sources */,
				98846FFE251113B600943861 /* DptiSurveyViewModel.swift in Sources */,
				986EDA222509D7E000AD3CEE /* ClassRoomViewController.swift in Sources */,
				987D5B0B251A1E8700244FD0 /* RegisterBirthViewController.swift in Sources */,
				986EDA122509C42600AD3CEE /* dimodamo.xcdatamodeld in Sources */,
				9863223F251785AE003B0784 /* CommunityMainViewController.swift in Sources */,
				985D381325198D1F00C53378 /* RegisterViewModel.swift in Sources */,
				988160D3251F634C00556AEC /* RegisterIDViewController.swift in Sources */,
			);
			runOnlyForDeploymentPostprocessing = 0;
		};
/* End PBXSourcesBuildPhase section */

/* Begin PBXVariantGroup section */
		986EDA0D2509C42600AD3CEE /* Main.storyboard */ = {
			isa = PBXVariantGroup;
			children = (
				986EDA0E2509C42600AD3CEE /* Base */,
			);
			name = Main.storyboard;
			sourceTree = "<group>";
		};
		986EDA152509C42800AD3CEE /* LaunchScreen.storyboard */ = {
			isa = PBXVariantGroup;
			children = (
				986EDA162509C42800AD3CEE /* Base */,
			);
			name = LaunchScreen.storyboard;
			sourceTree = "<group>";
		};
/* End PBXVariantGroup section */

/* Begin XCBuildConfiguration section */
		986EDA192509C42800AD3CEE /* Debug */ = {
			isa = XCBuildConfiguration;
			buildSettings = {
				ALWAYS_SEARCH_USER_PATHS = NO;
				CLANG_ANALYZER_NONNULL = YES;
				CLANG_ANALYZER_NUMBER_OBJECT_CONVERSION = YES_AGGRESSIVE;
				CLANG_CXX_LANGUAGE_STANDARD = "gnu++14";
				CLANG_CXX_LIBRARY = "libc++";
				CLANG_ENABLE_MODULES = YES;
				CLANG_ENABLE_OBJC_ARC = YES;
				CLANG_ENABLE_OBJC_WEAK = YES;
				CLANG_WARN_BLOCK_CAPTURE_AUTORELEASING = YES;
				CLANG_WARN_BOOL_CONVERSION = YES;
				CLANG_WARN_COMMA = YES;
				CLANG_WARN_CONSTANT_CONVERSION = YES;
				CLANG_WARN_DEPRECATED_OBJC_IMPLEMENTATIONS = YES;
				CLANG_WARN_DIRECT_OBJC_ISA_USAGE = YES_ERROR;
				CLANG_WARN_DOCUMENTATION_COMMENTS = YES;
				CLANG_WARN_EMPTY_BODY = YES;
				CLANG_WARN_ENUM_CONVERSION = YES;
				CLANG_WARN_INFINITE_RECURSION = YES;
				CLANG_WARN_INT_CONVERSION = YES;
				CLANG_WARN_NON_LITERAL_NULL_CONVERSION = YES;
				CLANG_WARN_OBJC_IMPLICIT_RETAIN_SELF = YES;
				CLANG_WARN_OBJC_LITERAL_CONVERSION = YES;
				CLANG_WARN_OBJC_ROOT_CLASS = YES_ERROR;
				CLANG_WARN_QUOTED_INCLUDE_IN_FRAMEWORK_HEADER = YES;
				CLANG_WARN_RANGE_LOOP_ANALYSIS = YES;
				CLANG_WARN_STRICT_PROTOTYPES = YES;
				CLANG_WARN_SUSPICIOUS_MOVE = YES;
				CLANG_WARN_UNGUARDED_AVAILABILITY = YES_AGGRESSIVE;
				CLANG_WARN_UNREACHABLE_CODE = YES;
				CLANG_WARN__DUPLICATE_METHOD_MATCH = YES;
				COPY_PHASE_STRIP = NO;
				DEBUG_INFORMATION_FORMAT = dwarf;
				ENABLE_STRICT_OBJC_MSGSEND = YES;
				ENABLE_TESTABILITY = YES;
				GCC_C_LANGUAGE_STANDARD = gnu11;
				GCC_DYNAMIC_NO_PIC = NO;
				GCC_NO_COMMON_BLOCKS = YES;
				GCC_OPTIMIZATION_LEVEL = 0;
				GCC_PREPROCESSOR_DEFINITIONS = (
					"DEBUG=1",
					"$(inherited)",
				);
				GCC_WARN_64_TO_32_BIT_CONVERSION = YES;
				GCC_WARN_ABOUT_RETURN_TYPE = YES_ERROR;
				GCC_WARN_UNDECLARED_SELECTOR = YES;
				GCC_WARN_UNINITIALIZED_AUTOS = YES_AGGRESSIVE;
				GCC_WARN_UNUSED_FUNCTION = YES;
				GCC_WARN_UNUSED_VARIABLE = YES;
				IPHONEOS_DEPLOYMENT_TARGET = 14.0;
				MTL_ENABLE_DEBUG_INFO = INCLUDE_SOURCE;
				MTL_FAST_MATH = YES;
				ONLY_ACTIVE_ARCH = YES;
				SDKROOT = iphoneos;
				SWIFT_ACTIVE_COMPILATION_CONDITIONS = DEBUG;
				SWIFT_OPTIMIZATION_LEVEL = "-Onone";
			};
			name = Debug;
		};
		986EDA1A2509C42800AD3CEE /* Release */ = {
			isa = XCBuildConfiguration;
			buildSettings = {
				ALWAYS_SEARCH_USER_PATHS = NO;
				CLANG_ANALYZER_NONNULL = YES;
				CLANG_ANALYZER_NUMBER_OBJECT_CONVERSION = YES_AGGRESSIVE;
				CLANG_CXX_LANGUAGE_STANDARD = "gnu++14";
				CLANG_CXX_LIBRARY = "libc++";
				CLANG_ENABLE_MODULES = YES;
				CLANG_ENABLE_OBJC_ARC = YES;
				CLANG_ENABLE_OBJC_WEAK = YES;
				CLANG_WARN_BLOCK_CAPTURE_AUTORELEASING = YES;
				CLANG_WARN_BOOL_CONVERSION = YES;
				CLANG_WARN_COMMA = YES;
				CLANG_WARN_CONSTANT_CONVERSION = YES;
				CLANG_WARN_DEPRECATED_OBJC_IMPLEMENTATIONS = YES;
				CLANG_WARN_DIRECT_OBJC_ISA_USAGE = YES_ERROR;
				CLANG_WARN_DOCUMENTATION_COMMENTS = YES;
				CLANG_WARN_EMPTY_BODY = YES;
				CLANG_WARN_ENUM_CONVERSION = YES;
				CLANG_WARN_INFINITE_RECURSION = YES;
				CLANG_WARN_INT_CONVERSION = YES;
				CLANG_WARN_NON_LITERAL_NULL_CONVERSION = YES;
				CLANG_WARN_OBJC_IMPLICIT_RETAIN_SELF = YES;
				CLANG_WARN_OBJC_LITERAL_CONVERSION = YES;
				CLANG_WARN_OBJC_ROOT_CLASS = YES_ERROR;
				CLANG_WARN_QUOTED_INCLUDE_IN_FRAMEWORK_HEADER = YES;
				CLANG_WARN_RANGE_LOOP_ANALYSIS = YES;
				CLANG_WARN_STRICT_PROTOTYPES = YES;
				CLANG_WARN_SUSPICIOUS_MOVE = YES;
				CLANG_WARN_UNGUARDED_AVAILABILITY = YES_AGGRESSIVE;
				CLANG_WARN_UNREACHABLE_CODE = YES;
				CLANG_WARN__DUPLICATE_METHOD_MATCH = YES;
				COPY_PHASE_STRIP = NO;
				DEBUG_INFORMATION_FORMAT = "dwarf-with-dsym";
				ENABLE_NS_ASSERTIONS = NO;
				ENABLE_STRICT_OBJC_MSGSEND = YES;
				GCC_C_LANGUAGE_STANDARD = gnu11;
				GCC_NO_COMMON_BLOCKS = YES;
				GCC_WARN_64_TO_32_BIT_CONVERSION = YES;
				GCC_WARN_ABOUT_RETURN_TYPE = YES_ERROR;
				GCC_WARN_UNDECLARED_SELECTOR = YES;
				GCC_WARN_UNINITIALIZED_AUTOS = YES_AGGRESSIVE;
				GCC_WARN_UNUSED_FUNCTION = YES;
				GCC_WARN_UNUSED_VARIABLE = YES;
				IPHONEOS_DEPLOYMENT_TARGET = 14.0;
				MTL_ENABLE_DEBUG_INFO = NO;
				MTL_FAST_MATH = YES;
				SDKROOT = iphoneos;
				SWIFT_COMPILATION_MODE = wholemodule;
				SWIFT_OPTIMIZATION_LEVEL = "-O";
				VALIDATE_PRODUCT = YES;
			};
			name = Release;
		};
		986EDA1C2509C42800AD3CEE /* Debug */ = {
			isa = XCBuildConfiguration;
			baseConfigurationReference = 964E5003C706C9319E5FB896 /* Pods-dimodamo.debug.xcconfig */;
			buildSettings = {
				ASSETCATALOG_COMPILER_APPICON_NAME = AppIcon;
				CODE_SIGN_STYLE = Automatic;
				DEVELOPMENT_TEAM = V237TD2AXA;
				INFOPLIST_FILE = dimodamo/Info.plist;
				LD_RUNPATH_SEARCH_PATHS = (
					"$(inherited)",
					"@executable_path/Frameworks",
				);
				PRODUCT_BUNDLE_IDENTIFIER = jjikkyu.dimodamo;
				PRODUCT_NAME = "$(TARGET_NAME)";
				SWIFT_VERSION = 5.0;
				TARGETED_DEVICE_FAMILY = "1,2";
			};
			name = Debug;
		};
		986EDA1D2509C42800AD3CEE /* Release */ = {
			isa = XCBuildConfiguration;
			baseConfigurationReference = BFB1B8FF08ED4F7B3DA32B20 /* Pods-dimodamo.release.xcconfig */;
			buildSettings = {
				ASSETCATALOG_COMPILER_APPICON_NAME = AppIcon;
				CODE_SIGN_STYLE = Automatic;
				DEVELOPMENT_TEAM = V237TD2AXA;
				INFOPLIST_FILE = dimodamo/Info.plist;
				LD_RUNPATH_SEARCH_PATHS = (
					"$(inherited)",
					"@executable_path/Frameworks",
				);
				PRODUCT_BUNDLE_IDENTIFIER = jjikkyu.dimodamo;
				PRODUCT_NAME = "$(TARGET_NAME)";
				SWIFT_VERSION = 5.0;
				TARGETED_DEVICE_FAMILY = "1,2";
			};
			name = Release;
		};
/* End XCBuildConfiguration section */

/* Begin XCConfigurationList section */
		986ED9FF2509C42600AD3CEE /* Build configuration list for PBXProject "dimodamo" */ = {
			isa = XCConfigurationList;
			buildConfigurations = (
				986EDA192509C42800AD3CEE /* Debug */,
				986EDA1A2509C42800AD3CEE /* Release */,
			);
			defaultConfigurationIsVisible = 0;
			defaultConfigurationName = Release;
		};
		986EDA1B2509C42800AD3CEE /* Build configuration list for PBXNativeTarget "dimodamo" */ = {
			isa = XCConfigurationList;
			buildConfigurations = (
				986EDA1C2509C42800AD3CEE /* Debug */,
				986EDA1D2509C42800AD3CEE /* Release */,
			);
			defaultConfigurationIsVisible = 0;
			defaultConfigurationName = Release;
		};
/* End XCConfigurationList section */

/* Begin XCVersionGroup section */
		986EDA102509C42600AD3CEE /* dimodamo.xcdatamodeld */ = {
			isa = XCVersionGroup;
			children = (
				986EDA112509C42600AD3CEE /* dimodamo.xcdatamodel */,
			);
			currentVersion = 986EDA112509C42600AD3CEE /* dimodamo.xcdatamodel */;
			path = dimodamo.xcdatamodeld;
			sourceTree = "<group>";
			versionGroupType = wrapper.xcdatamodel;
		};
/* End XCVersionGroup section */
	};
	rootObject = 986ED9FC2509C42600AD3CEE /* Project object */;
}
