PODS:
  - lottie-ios (3.1.8)
  - RxAnimated (0.7.0):
    - RxAnimated/Core (= 0.7.0)
    - RxCocoa (~> 5.1)
    - RxSwift (~> 5.1)
  - RxAnimated/Core (0.7.0):
    - RxCocoa (~> 5.1)
    - RxSwift (~> 5.1)
  - RxCocoa (5.1.1):
    - RxRelay (~> 5)
    - RxSwift (~> 5)
  - RxRelay (5.1.1):
    - RxSwift (~> 5)
  - RxSwift (5.1.1)
  - RxViewController (1.0.0):
    - RxCocoa (~> 5.0)
    - RxSwift (~> 5.0)

DEPENDENCIES:
  - lottie-ios
  - RxAnimated
  - RxCocoa
  - RxSwift
  - RxViewController

SPEC REPOS:
  trunk:
    - lottie-ios
    - RxAnimated
    - RxCocoa
    - RxRelay
    - RxSwift
    - RxViewController

SPEC CHECKSUMS:
  lottie-ios: 48fac6be217c76937e36e340e2d09cf7b10b7f5f
  RxAnimated: 8540892468e906e7404595bc51ed4b36b3737ab5
  RxCocoa: 32065309a38d29b5b0db858819b5bf9ef038b601
  RxRelay: d77f7d771495f43c556cbc43eebd1bb54d01e8e9
  RxSwift: 81470a2074fa8780320ea5fe4102807cb7118178
  RxViewController: 7330a46e5c31cd680db169da4c9fc8676e975a81

PODFILE CHECKSUM: a4216f51c2af94c3f5a52da19fb5760c69aaf898

COCOAPODS: 1.9.3
