PODS:
  - Alamofire (5.2.2)
  - Firebase/Analytics (6.16.0):
    - Firebase/Core
  - Firebase/Auth (6.16.0):
    - Firebase/CoreOnly
    - FirebaseAuth (~> 6.4.3)
  - Firebase/Core (6.16.0):
    - Firebase/CoreOnly
    - FirebaseAnalytics (= 6.2.2)
  - Firebase/CoreOnly (6.16.0):
    - FirebaseCore (= 6.6.1)
  - Firebase/Database (6.16.0):
    - Firebase/CoreOnly
    - FirebaseDatabase (~> 6.1.4)
  - Firebase/Storage (6.16.0):
    - Firebase/CoreOnly
    - FirebaseStorage (~> 3.5.0)
  - FirebaseAnalytics (6.2.2):
    - FirebaseCore (~> 6.6)
    - FirebaseInstanceID (~> 4.3)
    - GoogleAppMeasurement (= 6.2.2)
    - GoogleUtilities/AppDelegateSwizzler (~> 6.0)
    - GoogleUtilities/MethodSwizzler (~> 6.0)
    - GoogleUtilities/Network (~> 6.0)
    - "GoogleUtilities/NSData+zlib (~> 6.0)"
    - nanopb (= 0.3.9011)
  - FirebaseAuth (6.4.3):
    - FirebaseAuthInterop (~> 1.0)
    - FirebaseCore (~> 6.6)
    - GoogleUtilities/AppDelegateSwizzler (~> 6.5)
    - GoogleUtilities/Environment (~> 6.5)
    - GTMSessionFetcher/Core (~> 1.1)
  - FirebaseAuthInterop (1.0.0)
  - FirebaseCore (6.6.1):
    - FirebaseCoreDiagnostics (~> 1.2)
    - FirebaseCoreDiagnosticsInterop (~> 1.2)
    - GoogleUtilities/Environment (~> 6.5)
    - GoogleUtilities/Logger (~> 6.5)
  - FirebaseCoreDiagnostics (1.2.0):
    - FirebaseCoreDiagnosticsInterop (~> 1.2)
    - GoogleDataTransportCCTSupport (~> 1.3)
    - GoogleUtilities/Environment (~> 6.5)
    - GoogleUtilities/Logger (~> 6.5)
    - nanopb (~> 0.3.901)
  - FirebaseCoreDiagnosticsInterop (1.2.0)
  - FirebaseDatabase (6.1.4):
    - FirebaseAuthInterop (~> 1.0)
    - FirebaseCore (~> 6.0)
    - leveldb-library (~> 1.22)
  - FirebaseInstallations (1.1.0):
    - FirebaseCore (~> 6.6)
    - GoogleUtilities/UserDefaults (~> 6.5)
    - PromisesObjC (~> 1.2)
  - FirebaseInstanceID (4.3.0):
    - FirebaseCore (~> 6.6)
    - FirebaseInstallations (~> 1.0)
    - GoogleUtilities/Environment (~> 6.5)
    - GoogleUtilities/UserDefaults (~> 6.5)
  - FirebaseStorage (3.5.0):
    - FirebaseAuthInterop (~> 1.0)
    - FirebaseCore (~> 6.0)
    - GTMSessionFetcher/Core (~> 1.1)
  - GoogleAppMeasurement (6.2.2):
    - GoogleUtilities/AppDelegateSwizzler (~> 6.0)
    - GoogleUtilities/MethodSwizzler (~> 6.0)
    - GoogleUtilities/Network (~> 6.0)
    - "GoogleUtilities/NSData+zlib (~> 6.0)"
    - nanopb (= 0.3.9011)
  - GoogleDataTransport (3.3.1)
  - GoogleDataTransportCCTSupport (1.3.1):
    - GoogleDataTransport (~> 3.3)
    - nanopb (~> 0.3.901)
  - GoogleUtilities/AppDelegateSwizzler (6.5.1):
    - GoogleUtilities/Environment
    - GoogleUtilities/Logger
    - GoogleUtilities/Network
  - GoogleUtilities/Environment (6.5.1)
  - GoogleUtilities/Logger (6.5.1):
    - GoogleUtilities/Environment
  - GoogleUtilities/MethodSwizzler (6.5.1):
    - GoogleUtilities/Logger
  - GoogleUtilities/Network (6.5.1):
    - GoogleUtilities/Logger
    - "GoogleUtilities/NSData+zlib"
    - GoogleUtilities/Reachability
  - "GoogleUtilities/NSData+zlib (6.5.1)"
  - GoogleUtilities/Reachability (6.5.1):
    - GoogleUtilities/Logger
  - GoogleUtilities/UserDefaults (6.5.1):
    - GoogleUtilities/Logger
  - GTMSessionFetcher/Core (1.3.1)
  - KakaoSDKAuth (2.0.2):
    - KakaoSDKCommon (= 2.0.2)
  - KakaoSDKCommon (2.0.2):
    - Alamofire (~> 5.1)
  - KakaoSDKLink (2.0.2):
    - KakaoSDKCommon (= 2.0.2)
    - KakaoSDKTemplate (= 2.0.2)
  - KakaoSDKNavi (2.0.2):
    - KakaoSDKCommon (= 2.0.2)
  - KakaoSDKStory (2.0.2):
    - KakaoSDKAuth (= 2.0.2)
    - KakaoSDKCommon (= 2.0.2)
  - KakaoSDKTalk (2.0.2):
    - KakaoSDKAuth (= 2.0.2)
    - KakaoSDKCommon (= 2.0.2)
    - KakaoSDKTemplate (= 2.0.2)
  - KakaoSDKTemplate (2.0.2):
    - KakaoSDKCommon (= 2.0.2)
  - KakaoSDKUser (2.0.2):
    - KakaoSDKAuth (= 2.0.2)
    - KakaoSDKCommon (= 2.0.2)
  - leveldb-library (1.22)
  - lottie-ios (3.1.8)
  - nanopb (0.3.9011):
    - nanopb/decode (= 0.3.9011)
    - nanopb/encode (= 0.3.9011)
  - nanopb/decode (0.3.9011)
  - nanopb/encode (0.3.9011)
  - PromisesObjC (1.2.9)
  - RxAlamofire (5.6.1):
    - RxAlamofire/Core (= 5.6.1)
  - RxAlamofire/Core (5.6.1):
    - Alamofire (~> 5.2)
    - RxSwift (~> 5.1)
  - RxAnimated (0.7.0):
    - RxAnimated/Core (= 0.7.0)
    - RxCocoa (~> 5.1)
    - RxSwift (~> 5.1)
  - RxAnimated/Core (0.7.0):
    - RxCocoa (~> 5.1)
    - RxSwift (~> 5.1)
  - RxCocoa (5.1.1):
    - RxRelay (~> 5)
    - RxSwift (~> 5)
  - RxKakaoSDK (2.0.2):
    - KakaoSDKNavi (= 2.0.2)
    - KakaoSDKTemplate (= 2.0.2)
    - RxKakaoSDKAuth (= 2.0.2)
    - RxKakaoSDKCommon (= 2.0.2)
    - RxKakaoSDKLink (= 2.0.2)
    - RxKakaoSDKStory (= 2.0.2)
    - RxKakaoSDKTalk (= 2.0.2)
    - RxKakaoSDKUser (= 2.0.2)
  - RxKakaoSDKAuth (2.0.2):
    - KakaoSDKAuth (= 2.0.2)
    - RxKakaoSDKCommon (= 2.0.2)
  - RxKakaoSDKCommon (2.0.2):
    - KakaoSDKCommon (= 2.0.2)
    - RxAlamofire (~> 5.2)
    - RxCocoa
    - RxSwift
  - RxKakaoSDKLink (2.0.2):
    - KakaoSDKLink (= 2.0.2)
    - KakaoSDKTemplate (= 2.0.2)
    - RxKakaoSDKCommon (= 2.0.2)
  - RxKakaoSDKStory (2.0.2):
    - KakaoSDKStory (= 2.0.2)
    - RxKakaoSDKAuth (= 2.0.2)
    - RxKakaoSDKCommon (= 2.0.2)
  - RxKakaoSDKTalk (2.0.2):
    - KakaoSDKTalk (= 2.0.2)
    - KakaoSDKTemplate (= 2.0.2)
    - RxKakaoSDKAuth (= 2.0.2)
    - RxKakaoSDKCommon (= 2.0.2)
  - RxKakaoSDKUser (2.0.2):
    - KakaoSDKUser (= 2.0.2)
    - RxKakaoSDKAuth (= 2.0.2)
    - RxKakaoSDKCommon (= 2.0.2)
  - RxRelay (5.1.1):
    - RxSwift (~> 5)
  - RxSwift (5.1.1)
  - RxViewController (1.0.0):
    - RxCocoa (~> 5.0)
    - RxSwift (~> 5.0)

DEPENDENCIES:
  - Firebase/Analytics
  - Firebase/Auth
  - Firebase/Core
  - Firebase/Database
  - Firebase/Storage
  - lottie-ios
  - RxAnimated
  - RxCocoa
  - RxKakaoSDK
  - RxSwift
  - RxViewController

SPEC REPOS:
  trunk:
    - Alamofire
    - Firebase
    - FirebaseAnalytics
    - FirebaseAuth
    - FirebaseAuthInterop
    - FirebaseCore
    - FirebaseCoreDiagnostics
    - FirebaseCoreDiagnosticsInterop
    - FirebaseDatabase
    - FirebaseInstallations
    - FirebaseInstanceID
    - FirebaseStorage
    - GoogleAppMeasurement
    - GoogleDataTransport
    - GoogleDataTransportCCTSupport
    - GoogleUtilities
    - GTMSessionFetcher
    - KakaoSDKAuth
    - KakaoSDKCommon
    - KakaoSDKLink
    - KakaoSDKNavi
    - KakaoSDKStory
    - KakaoSDKTalk
    - KakaoSDKTemplate
    - KakaoSDKUser
    - leveldb-library
    - lottie-ios
    - nanopb
    - PromisesObjC
    - RxAlamofire
    - RxAnimated
    - RxCocoa
    - RxKakaoSDK
    - RxKakaoSDKAuth
    - RxKakaoSDKCommon
    - RxKakaoSDKLink
    - RxKakaoSDKStory
    - RxKakaoSDKTalk
    - RxKakaoSDKUser
    - RxRelay
    - RxSwift
    - RxViewController

SPEC CHECKSUMS:
  Alamofire: 814429acc853c6c54ff123fc3d2ef66803823ce0
  Firebase: 497158b816d0a86fc31babbd05546fcd7e6083ff
  FirebaseAnalytics: cf95d3aab897612783020fbd98401d5366f135ee
  FirebaseAuth: 5ce2b03a3d7fe56b7a6e4c5ec7ff1522890b1d6f
  FirebaseAuthInterop: 0ffa57668be100582bb7643d4fcb7615496c41fc
  FirebaseCore: 85064903ed6c28e47fec9c7bd149d94ba1b6b6e7
  FirebaseCoreDiagnostics: 5e78803ab276bc5b50340e3c539c06c3de35c649
  FirebaseCoreDiagnosticsInterop: 296e2c5f5314500a850ad0b83e9e7c10b011a850
  FirebaseDatabase: 0144e0706a4761f1b0e8679572eba8095ddb59be
  FirebaseInstallations: 575cd32f2aec0feeb0e44f5d0110a09e5e60b47b
  FirebaseInstanceID: 6668efc1655a4052c083f287a7141f1ead12f9c2
  FirebaseStorage: 6c5263796af3b1be82ed173598aade47535fe125
  GoogleAppMeasurement: d0560d915abf15e692e8538ba1d58442217b6aff
  GoogleDataTransport: 0048df6388dab1c254799f2a30365b1dffe20422
  GoogleDataTransportCCTSupport: f880d70972efa2ed1be4e9173a0f4c5f3dc2d176
  GoogleUtilities: 06eb53bb579efe7099152735900dd04bf09e7275
  GTMSessionFetcher: cea130bbfe5a7edc8d06d3f0d17288c32ffe9925
  KakaoSDKAuth: 69698a4a6726f2b43fb43246891a1a747343935e
  KakaoSDKCommon: 2226e13fbbd4a875826c7a348cf4f535392a4b8f
  KakaoSDKLink: aa202aee73d5234184043f4c8a01fb7d6d46ee87
  KakaoSDKNavi: 5ca916988d7d12ba5286dd7b8dc6b89156eb5900
  KakaoSDKStory: a98a90cdcbb44211b8bb228afcdb9b4d0b789ba7
  KakaoSDKTalk: af761ee90ff9bc732cc2e5515ad5e0b3cbf81480
  KakaoSDKTemplate: c68a1c313211c7f925d297ff0aaae741b4b48c4f
  KakaoSDKUser: a4a82ba374e0b3478be3f66307943e85542149ee
  leveldb-library: 55d93ee664b4007aac644a782d11da33fba316f7
  lottie-ios: 48fac6be217c76937e36e340e2d09cf7b10b7f5f
  nanopb: 18003b5e52dab79db540fe93fe9579f399bd1ccd
  PromisesObjC: b48e0338dbbac2207e611750777895f7a5811b75
  RxAlamofire: 0531dddf378c84270e97e897333678f1cfaec3ba
  RxAnimated: 8540892468e906e7404595bc51ed4b36b3737ab5
  RxCocoa: 32065309a38d29b5b0db858819b5bf9ef038b601
  RxKakaoSDK: 8041d57a4aa0403d5046b923ed189c4fd4ba3dce
  RxKakaoSDKAuth: 3f8fd8f71419151cbe3d141bb69e2b1486473946
  RxKakaoSDKCommon: 6879ff837d427975b5972a185bba182d458d5001
  RxKakaoSDKLink: e96c3d0074d7c7d242cda925de929f3ca3b24027
  RxKakaoSDKStory: e4dc55431c20f2e925f86495d153e4f131a81bfd
  RxKakaoSDKTalk: 7a9800265820cb9ae5173a112b4599030c908461
  RxKakaoSDKUser: 869403bfab9d9d895c1e3027721f11a379e9f558
  RxRelay: d77f7d771495f43c556cbc43eebd1bb54d01e8e9
  RxSwift: 81470a2074fa8780320ea5fe4102807cb7118178
  RxViewController: 7330a46e5c31cd680db169da4c9fc8676e975a81

PODFILE CHECKSUM: 9dcfb3e446ef217c951e02973f1cf9ec258bc080

COCOAPODS: 1.9.3
